
Microsoft Visual Studio Solution File, Format Version 12.00
# Visual Studio 15
VisualStudioVersion = 15.0.27130.2024
MinimumVisualStudioVersion = 10.0.40219.1
Project("{FAE04EC0-301F-11D3-BF4B-00C04F79EFBC}") = "TMachine", "TMachine\TMachine.csproj", "{F621E6CE-2C44-4168-988B-7872AF5D7517}"
EndProject
Global
	GlobalSection(SolutionConfigurationPlatforms) = preSolution
		Debug|Any CPU = Debug|Any CPU
		Release|Any CPU = Release|Any CPU
	EndGlobalSection
	GlobalSection(ProjectConfigurationPlatforms) = postSolution
		{F621E6CE-2C44-4168-988B-7872AF5D7517}.Debug|Any CPU.ActiveCfg = Debug|Any CPU
		{F621E6CE-2C44-4168-988B-7872AF5D7517}.Debug|Any CPU.Build.0 = Debug|Any CPU
		{F621E6CE-2C44-4168-988B-7872AF5D7517}.Release|Any CPU.ActiveCfg = Release|Any CPU
		{F621E6CE-2C44-4168-988B-7872AF5D7517}.Release|Any CPU.Build.0 = Release|Any CPU
	EndGlobalSection
	GlobalSection(SolutionProperties) = preSolution
		HideSolutionNode = FALSE
	EndGlobalSection
	GlobalSection(ExtensibilityGlobals) = postSolution
		SolutionGuid = {F51AC20A-4027-492B-9787-2CEB79C74993}
	EndGlobalSection
EndGlobal
